{
    "_readme": [
        "This file locks the dependencies of your project to a known state",
        "Read more about it at https://getcomposer.org/doc/01-basic-usage.md#composer-lock-the-lock-file",
        "This file is @generated automatically"
    ],
    "hash": "f85d5ecaa260738cadcd756e2003cd03",
    "content-hash": "79261c335c37a671ce1f17fc3f963c2b",
    "packages": [
        {
            "name": "composer/composer",
            "version": "dev-master",
            "source": {
                "type": "git",
                "url": "https://github.com/composer/composer.git",
                "reference": "5a5088eb342e4876cb28472ba1fc3f1da7a14852"
            },
            "dist": {
                "type": "zip",
                "url": "https://api.github.com/repos/composer/composer/zipball/5a5088eb342e4876cb28472ba1fc3f1da7a14852",
                "reference": "5a5088eb342e4876cb28472ba1fc3f1da7a14852",
                "shasum": ""
            },
            "require": {
                "composer/semver": "^1.0",
                "composer/spdx-licenses": "^1.0",
                "justinrainbow/json-schema": "^1.4.4",
                "php": "^5.3.2 || ^7.0",
                "seld/cli-prompt": "^1.0",
                "seld/jsonlint": "^1.0",
                "seld/phar-utils": "^1.0",
                "symfony/console": "^2.5 || ^3.0",
                "symfony/filesystem": "^2.5 || ^3.0",
                "symfony/finder": "^2.2 || ^3.0",
                "symfony/process": "^2.1 || ^3.0"
            },
            "require-dev": {
                "phpunit/phpunit": "^4.5 || ^5.0.5",
                "phpunit/phpunit-mock-objects": "2.3.0 || ^3.0"
            },
            "suggest": {
                "ext-openssl": "Enabling the openssl extension allows you to access https URLs for repositories and packages",
                "ext-zip": "Enabling the zip extension allows you to unzip archives, and allows gzip compression of all internet traffic"
            },
            "bin": [
                "bin/composer"
            ],
            "type": "library",
            "extra": {
                "branch-alias": {
                    "dev-master": "1.0-dev"
                }
            },
            "autoload": {
                "psr-4": {
                    "Composer\\": "src/Composer"
                }
            },
            "notification-url": "https://packagist.org/downloads/",
            "license": [
                "MIT"
            ],
            "authors": [
                {
                    "name": "Nils Adermann",
                    "email": "naderman@naderman.de",
                    "homepage": "http://www.naderman.de"
                },
                {
                    "name": "Jordi Boggiano",
                    "email": "j.boggiano@seld.be",
                    "homepage": "http://seld.be"
                }
            ],
            "description": "Composer helps you declare, manage and install dependencies of PHP projects, ensuring you have the right stack everywhere.",
            "homepage": "https://getcomposer.org/",
            "keywords": [
                "autoload",
                "dependency",
                "package"
            ],
            "time": "2015-10-30 20:48:26"
        },
        {
            "name": "composer/semver",
            "version": "dev-master",
            "source": {
                "type": "git",
                "url": "https://github.com/composer/semver.git",
                "reference": "07b4f7727ca5558e85b20cde33cb2c24a342efb5"
            },
            "dist": {
                "type": "zip",
                "url": "https://api.github.com/repos/composer/semver/zipball/07b4f7727ca5558e85b20cde33cb2c24a342efb5",
                "reference": "07b4f7727ca5558e85b20cde33cb2c24a342efb5",
                "shasum": ""
            },
            "require": {
                "php": "^5.3.2 || ^7.0"
            },
            "require-dev": {
                "phpunit/phpunit": "^4.5 || ^5.0.5",
                "phpunit/phpunit-mock-objects": "2.3.0 || ^3.0"
            },
            "type": "library",
            "extra": {
                "branch-alias": {
                    "dev-master": "1.0-dev"
                }
            },
            "autoload": {
                "psr-4": {
                    "Composer\\Semver\\": "src"
                }
            },
            "notification-url": "https://packagist.org/downloads/",
            "license": [
                "MIT"
            ],
            "authors": [
                {
                    "name": "Nils Adermann",
                    "email": "naderman@naderman.de",
                    "homepage": "http://www.naderman.de"
                },
                {
                    "name": "Jordi Boggiano",
                    "email": "j.boggiano@seld.be",
                    "homepage": "http://seld.be"
                },
                {
                    "name": "Rob Bast",
                    "email": "rob.bast@gmail.com",
                    "homepage": "http://robbast.nl"
                }
            ],
            "description": "Semver library that offers utilities, version constraint parsing and validation.",
            "keywords": [
                "semantic",
                "semver",
                "validation",
                "versioning"
            ],
            "time": "2015-10-28 14:56:43"
        },
        {
            "name": "composer/spdx-licenses",
            "version": "dev-master",
            "source": {
                "type": "git",
                "url": "https://github.com/composer/spdx-licenses.git",
                "reference": "b2dbc76d1c3f81f33857cdd49c0be6ce7b87897d"
            },
            "dist": {
                "type": "zip",
                "url": "https://api.github.com/repos/composer/spdx-licenses/zipball/b2dbc76d1c3f81f33857cdd49c0be6ce7b87897d",
                "reference": "b2dbc76d1c3f81f33857cdd49c0be6ce7b87897d",
                "shasum": ""
            },
            "require": {
                "php": ">=5.3.2"
            },
            "require-dev": {
                "phpunit/phpunit": "~4.5",
                "phpunit/phpunit-mock-objects": "~2.3"
            },
            "type": "library",
            "extra": {
                "branch-alias": {
                    "dev-master": "1.x-dev"
                }
            },
            "autoload": {
                "psr-4": {
                    "Composer\\Spdx\\": "src"
                }
            },
            "notification-url": "https://packagist.org/downloads/",
            "license": [
                "MIT"
            ],
            "authors": [
                {
                    "name": "Nils Adermann",
                    "email": "naderman@naderman.de",
                    "homepage": "http://www.naderman.de"
                },
                {
                    "name": "Jordi Boggiano",
                    "email": "j.boggiano@seld.be",
                    "homepage": "http://seld.be"
                },
                {
                    "name": "Rob Bast",
                    "email": "rob.bast@gmail.com",
                    "homepage": "http://robbast.nl"
                }
            ],
            "description": "SPDX licenses list and validation library.",
            "keywords": [
                "license",
                "spdx",
                "validator"
            ],
            "time": "2015-10-05 11:33:06"
        },
        {
            "name": "craychee/rootcanal",
            "version": "dev-master",
            "source": {
                "type": "git",
                "url": "https://github.com/craychee/rootcanal.git",
                "reference": "cd84cd0dc36a13dbb5029c9480032afcbcd26a20"
            },
            "dist": {
                "type": "zip",
                "url": "https://api.github.com/repos/craychee/rootcanal/zipball/cd84cd0dc36a13dbb5029c9480032afcbcd26a20",
                "reference": "cd84cd0dc36a13dbb5029c9480032afcbcd26a20",
                "shasum": ""
            },
            "require": {
                "composer/composer": "~1.0@alpha",
                "symfony/console": "~2.3",
                "symfony/filesystem": "~2.1",
                "symfony/finder": "~2.1"
            },
            "require-dev": {
                "behat/behat": "3.0.*@dev",
                "phpspec/phpspec": "~2.0"
            },
            "bin": [
                "bin/rootcanal"
            ],
            "type": "library",
            "autoload": {
                "psr-0": {
                    "Rootcanal": "src/"
                }
            },
            "notification-url": "https://packagist.org/downloads/",
            "description": "Workflow manager to build a Drupal7 root with composer",
            "time": "2015-09-15 14:21:12"
        },
        {
            "name": "drupal/drupal",
            "version": "7.38.0",
            "source": {
                "type": "git",
                "url": "http://git.drupal.org/project/drupal",
                "reference": "7205c84e8cb7e74a10df39bda1eaaaccd9bebc8d"
            },
            "dist": {
                "type": "zip",
                "url": "http://ftp.drupal.org/files/projects/drupal-7.38.zip",
                "reference": null,
                "shasum": null
            },
            "replace": {
                "drupal/aggregator": "self.version",
                "drupal/bartik": "self.version",
                "drupal/block": "self.version",
                "drupal/blog": "self.version",
                "drupal/book": "self.version",
                "drupal/color": "self.version",
                "drupal/comment": "self.version",
                "drupal/contact": "self.version",
                "drupal/contextual": "self.version",
                "drupal/dashboard": "self.version",
                "drupal/dblog": "self.version",
                "drupal/field": "self.version",
                "drupal/field_sql_storage": "self.version",
                "drupal/field_ui": "self.version",
                "drupal/file": "self.version",
                "drupal/filter": "self.version",
                "drupal/forum": "self.version",
                "drupal/garland": "self.version",
                "drupal/help": "self.version",
                "drupal/image": "self.version",
                "drupal/list": "self.version",
                "drupal/locale": "self.version",
                "drupal/menu": "self.version",
                "drupal/minimal": "self.version",
                "drupal/node": "self.version",
                "drupal/number": "self.version",
                "drupal/openid": "self.version",
                "drupal/options": "self.version",
                "drupal/overlay": "self.version",
                "drupal/path": "self.version",
                "drupal/php": "self.version",
                "drupal/poll": "self.version",
                "drupal/profile": "self.version",
                "drupal/rdf": "self.version",
                "drupal/search": "self.version",
                "drupal/seven": "self.version",
                "drupal/shortcut": "self.version",
                "drupal/standard": "self.version",
                "drupal/stark": "self.version",
                "drupal/statistics": "self.version",
                "drupal/syslog": "self.version",
                "drupal/system": "self.version",
                "drupal/taxonomy": "self.version",
                "drupal/text": "self.version",
                "drupal/toolbar": "self.version",
                "drupal/tracker": "self.version",
                "drupal/translation": "self.version",
                "drupal/trigger": "self.version",
                "drupal/update": "self.version",
                "drupal/user": "self.version"
            },
            "suggest": {
                "drupal/block": "Required by drupal/dashboard, drupal/minimal, drupal/standard",
                "drupal/color": "Required by drupal/standard",
                "drupal/comment": "Required by drupal/forum, drupal/tracker, drupal/standard",
                "drupal/contextual": "Required by drupal/standard",
                "drupal/dashboard": "Required by drupal/standard",
                "drupal/dblog": "Required by drupal/minimal, drupal/standard",
                "drupal/field": "Required by drupal/field_sql_storage, drupal/list, drupal/number, drupal/options, drupal/text, drupal/field_ui, drupal/file",
                "drupal/field_sql_storage": "Required by drupal/field",
                "drupal/field_ui": "Required by drupal/standard",
                "drupal/file": "Required by drupal/image, drupal/standard",
                "drupal/help": "Required by drupal/standard",
                "drupal/image": "Required by drupal/standard",
                "drupal/list": "Required by drupal/standard",
                "drupal/locale": "Required by drupal/translation",
                "drupal/menu": "Required by drupal/standard",
                "drupal/number": "Required by drupal/standard",
                "drupal/options": "Required by drupal/list, drupal/taxonomy, drupal/standard",
                "drupal/overlay": "Required by drupal/standard",
                "drupal/path": "Required by drupal/standard",
                "drupal/rdf": "Required by drupal/standard",
                "drupal/search": "Required by drupal/standard",
                "drupal/shortcut": "Required by drupal/standard",
                "drupal/taxonomy": "Required by drupal/forum, drupal/standard",
                "drupal/text": "Required by drupal/comment",
                "drupal/toolbar": "Required by drupal/standard"
            },
            "type": "drupal-core",
            "extra": {
                "branch-alias": {
                    "dev-7.x-": "7.x-dev"
                }
            },
            "notification-url": "http://packagist.drupal-composer.org/downloads/",
            "description": "Handles general site configuration for administrators.",
            "homepage": "https://www.drupal.org/project/drupal"
        },
        {
            "name": "drupal/features",
            "version": "dev-7.x-2.x",
            "source": {
                "type": "git",
                "url": "http://git.drupal.org/project/features",
                "reference": "4184b9b169c150f712f15b2cf51686cd56894927"
            },
            "dist": {
                "type": "zip",
                "url": "http://ftp.drupal.org/files/projects/features-7.x-2.x-dev.zip",
                "reference": null,
                "shasum": null
            },
            "require": {
                "drupal/drupal": "7.*"
            },
            "type": "drupal-module",
            "extra": {
                "branch-alias": {
                    "dev-7.x-2.x": "7.2.x-dev"
                }
            },
            "notification-url": "http://packagist.drupal-composer.org/downloads/",
            "description": "Provides feature management for Drupal.",
            "homepage": "https://www.drupal.org/project/features",
            "time": "2015-10-15 14:26:47"
        },
        {
            "name": "justinrainbow/json-schema",
            "version": "1.5.0",
            "source": {
                "type": "git",
                "url": "https://github.com/justinrainbow/json-schema.git",
                "reference": "a4bee9f4b344b66e0a0d96c7afae1e92edf385fe"
            },
            "dist": {
                "type": "zip",
                "url": "https://api.github.com/repos/justinrainbow/json-schema/zipball/a4bee9f4b344b66e0a0d96c7afae1e92edf385fe",
                "reference": "a4bee9f4b344b66e0a0d96c7afae1e92edf385fe",
                "shasum": ""
            },
            "require": {
                "php": ">=5.3.2"
            },
            "require-dev": {
                "json-schema/json-schema-test-suite": "1.1.0",
                "phpdocumentor/phpdocumentor": "~2",
                "phpunit/phpunit": "~3.7"
            },
            "bin": [
                "bin/validate-json"
            ],
            "type": "library",
            "extra": {
                "branch-alias": {
                    "dev-master": "1.4.x-dev"
                }
            },
            "autoload": {
                "psr-4": {
                    "JsonSchema\\": "src/JsonSchema/"
                }
            },
            "notification-url": "https://packagist.org/downloads/",
            "license": [
                "BSD-3-Clause"
            ],
            "authors": [
                {
                    "name": "Bruno Prieto Reis",
                    "email": "bruno.p.reis@gmail.com"
                },
                {
                    "name": "Justin Rainbow",
                    "email": "justin.rainbow@gmail.com"
                },
                {
                    "name": "Igor Wiedler",
                    "email": "igor@wiedler.ch"
                },
                {
                    "name": "Robert Schönthal",
                    "email": "seroscho@googlemail.com"
                }
            ],
            "description": "A library to validate a json schema.",
            "homepage": "https://github.com/justinrainbow/json-schema",
            "keywords": [
                "json",
                "schema"
            ],
            "time": "2015-09-08 22:28:04"
        },
        {
            "name": "seld/cli-prompt",
            "version": "dev-master",
            "source": {
                "type": "git",
                "url": "https://github.com/Seldaek/cli-prompt.git",
                "reference": "fe114c7a6ac5cb0ce76932ae4017024d9842a49c"
            },
            "dist": {
                "type": "zip",
                "url": "https://api.github.com/repos/Seldaek/cli-prompt/zipball/fe114c7a6ac5cb0ce76932ae4017024d9842a49c",
                "reference": "fe114c7a6ac5cb0ce76932ae4017024d9842a49c",
                "shasum": ""
            },
            "require": {
                "php": ">=5.3"
            },
            "type": "library",
            "extra": {
                "branch-alias": {
                    "dev-master": "1.x-dev"
                }
            },
            "autoload": {
                "psr-4": {
                    "Seld\\CliPrompt\\": "src/"
                }
            },
            "notification-url": "https://packagist.org/downloads/",
            "license": [
                "MIT"
            ],
            "authors": [
                {
                    "name": "Jordi Boggiano",
                    "email": "j.boggiano@seld.be"
                }
            ],
            "description": "Allows you to prompt for user input on the command line, and optionally hide the characters they type",
            "keywords": [
                "cli",
                "console",
                "hidden",
                "input",
                "prompt"
            ],
            "time": "2015-04-30 20:24:49"
        },
        {
            "name": "seld/jsonlint",
            "version": "1.3.1",
            "source": {
                "type": "git",
                "url": "https://github.com/Seldaek/jsonlint.git",
                "reference": "863ae85c6d3ef60ca49cb12bd051c4a0648c40c4"
            },
            "dist": {
                "type": "zip",
                "url": "https://api.github.com/repos/Seldaek/jsonlint/zipball/863ae85c6d3ef60ca49cb12bd051c4a0648c40c4",
                "reference": "863ae85c6d3ef60ca49cb12bd051c4a0648c40c4",
                "shasum": ""
            },
            "require": {
                "php": ">=5.3.0"
            },
            "bin": [
                "bin/jsonlint"
            ],
            "type": "library",
            "autoload": {
                "psr-4": {
                    "Seld\\JsonLint\\": "src/Seld/JsonLint/"
                }
            },
            "notification-url": "https://packagist.org/downloads/",
            "license": [
                "MIT"
            ],
            "authors": [
                {
                    "name": "Jordi Boggiano",
                    "email": "j.boggiano@seld.be",
                    "homepage": "http://seld.be"
                }
            ],
            "description": "JSON Linter",
            "keywords": [
                "json",
                "linter",
                "parser",
                "validator"
            ],
            "time": "2015-01-04 21:18:15"
        },
        {
            "name": "seld/phar-utils",
            "version": "dev-master",
            "source": {
                "type": "git",
                "url": "https://github.com/Seldaek/phar-utils.git",
                "reference": "7009b5139491975ef6486545a39f3e6dad5ac30a"
            },
            "dist": {
                "type": "zip",
                "url": "https://api.github.com/repos/Seldaek/phar-utils/zipball/7009b5139491975ef6486545a39f3e6dad5ac30a",
                "reference": "7009b5139491975ef6486545a39f3e6dad5ac30a",
                "shasum": ""
            },
            "require": {
                "php": ">=5.3"
            },
            "type": "library",
            "extra": {
                "branch-alias": {
                    "dev-master": "1.x-dev"
                }
            },
            "autoload": {
                "psr-4": {
                    "Seld\\PharUtils\\": "src/"
                }
            },
            "notification-url": "https://packagist.org/downloads/",
            "license": [
                "MIT"
            ],
            "authors": [
                {
                    "name": "Jordi Boggiano",
                    "email": "j.boggiano@seld.be"
                }
            ],
            "description": "PHAR file format utilities, for when PHP phars you up",
            "keywords": [
                "phra"
            ],
            "time": "2015-10-13 18:44:15"
        },
        {
            "name": "symfony/console",
            "version": "2.8.x-dev",
            "source": {
                "type": "git",
                "url": "https://github.com/symfony/console.git",
                "reference": "2c18b786853b2c162f43692dcd87bdec67091223"
            },
            "dist": {
                "type": "zip",
                "url": "https://api.github.com/repos/symfony/console/zipball/2c18b786853b2c162f43692dcd87bdec67091223",
                "reference": "2c18b786853b2c162f43692dcd87bdec67091223",
                "shasum": ""
            },
            "require": {
                "php": ">=5.3.9",
                "symfony/polyfill-mbstring": "~1.0"
            },
            "require-dev": {
                "psr/log": "~1.0",
                "symfony/event-dispatcher": "~2.1|~3.0.0",
                "symfony/process": "~2.1|~3.0.0"
            },
            "suggest": {
                "psr/log": "For using the console logger",
                "symfony/event-dispatcher": "",
                "symfony/process": ""
            },
            "type": "library",
            "extra": {
                "branch-alias": {
                    "dev-master": "2.8-dev"
                }
            },
            "autoload": {
                "psr-4": {
                    "Symfony\\Component\\Console\\": ""
                },
                "exclude-from-classmap": [
                    "/Tests/"
                ]
            },
            "notification-url": "https://packagist.org/downloads/",
            "license": [
                "MIT"
            ],
            "authors": [
                {
                    "name": "Fabien Potencier",
                    "email": "fabien@symfony.com"
                },
                {
                    "name": "Symfony Community",
                    "homepage": "https://symfony.com/contributors"
                }
            ],
            "description": "Symfony Console Component",
            "homepage": "https://symfony.com",
            "time": "2015-10-30 20:15:42"
        },
        {
            "name": "symfony/filesystem",
            "version": "2.8.x-dev",
            "source": {
                "type": "git",
                "url": "https://github.com/symfony/filesystem.git",
                "reference": "47a82a96b2a4cfb54026edcbbcc5a427c274c043"
            },
            "dist": {
                "type": "zip",
                "url": "https://api.github.com/repos/symfony/filesystem/zipball/47a82a96b2a4cfb54026edcbbcc5a427c274c043",
                "reference": "47a82a96b2a4cfb54026edcbbcc5a427c274c043",
                "shasum": ""
            },
            "require": {
                "php": ">=5.3.9"
            },
            "type": "library",
            "extra": {
                "branch-alias": {
                    "dev-master": "2.8-dev"
                }
            },
            "autoload": {
                "psr-4": {
                    "Symfony\\Component\\Filesystem\\": ""
                },
                "exclude-from-classmap": [
                    "/Tests/"
                ]
            },
            "notification-url": "https://packagist.org/downloads/",
            "license": [
                "MIT"
            ],
            "authors": [
                {
                    "name": "Fabien Potencier",
                    "email": "fabien@symfony.com"
                },
                {
                    "name": "Symfony Community",
                    "homepage": "https://symfony.com/contributors"
                }
            ],
            "description": "Symfony Filesystem Component",
            "homepage": "https://symfony.com",
            "time": "2015-10-30 20:15:42"
        },
        {
            "name": "symfony/finder",
            "version": "2.8.x-dev",
            "source": {
                "type": "git",
                "url": "https://github.com/symfony/finder.git",
                "reference": "ead9b07af4ba77b6507bee697396a5c79e633f08"
            },
            "dist": {
                "type": "zip",
                "url": "https://api.github.com/repos/symfony/finder/zipball/ead9b07af4ba77b6507bee697396a5c79e633f08",
                "reference": "ead9b07af4ba77b6507bee697396a5c79e633f08",
                "shasum": ""
            },
            "require": {
                "php": ">=5.3.9"
            },
            "type": "library",
            "extra": {
                "branch-alias": {
                    "dev-master": "2.8-dev"
                }
            },
            "autoload": {
                "psr-4": {
                    "Symfony\\Component\\Finder\\": ""
                },
                "exclude-from-classmap": [
                    "/Tests/"
                ]
            },
            "notification-url": "https://packagist.org/downloads/",
            "license": [
                "MIT"
            ],
            "authors": [
                {
                    "name": "Fabien Potencier",
                    "email": "fabien@symfony.com"
                },
                {
                    "name": "Symfony Community",
                    "homepage": "https://symfony.com/contributors"
                }
            ],
            "description": "Symfony Finder Component",
            "homepage": "https://symfony.com",
            "time": "2015-10-30 20:15:42"
        },
        {
            "name": "symfony/polyfill-mbstring",
            "version": "dev-master",
            "source": {
                "type": "git",
                "url": "https://github.com/symfony/polyfill-mbstring.git",
                "reference": "82159e61debcd09790b20154b350b1c083029aa6"
            },
            "dist": {
                "type": "zip",
                "url": "https://api.github.com/repos/symfony/polyfill-mbstring/zipball/82159e61debcd09790b20154b350b1c083029aa6",
                "reference": "82159e61debcd09790b20154b350b1c083029aa6",
                "shasum": ""
            },
            "require": {
                "php": ">=5.3.3"
            },
            "type": "library",
            "extra": {
                "branch-alias": {
                    "dev-master": "1.0-dev"
                }
            },
            "autoload": {
                "psr-4": {
                    "Symfony\\Polyfill\\Mbstring\\": ""
                },
                "files": [
                    "bootstrap.php"
                ]
            },
            "notification-url": "https://packagist.org/downloads/",
            "license": [
                "MIT"
            ],
            "authors": [
                {
                    "name": "Nicolas Grekas",
                    "email": "p@tchwork.com"
                },
                {
                    "name": "Symfony Community",
                    "homepage": "https://symfony.com/contributors"
                }
            ],
            "description": "Symfony polyfill for the Mbstring extension",
            "homepage": "https://symfony.com",
            "keywords": [
                "compatibility",
                "mbstring",
                "polyfill",
                "portable",
                "shim"
            ],
            "time": "2015-10-27 22:54:43"
        },
        {
            "name": "symfony/process",
            "version": "dev-master",
            "source": {
                "type": "git",
                "url": "https://github.com/symfony/process.git",
                "reference": "3110e7269614d1d3c00d4f6dc2f1049a6f0aa2e8"
            },
            "dist": {
                "type": "zip",
                "url": "https://api.github.com/repos/symfony/process/zipball/3110e7269614d1d3c00d4f6dc2f1049a6f0aa2e8",
                "reference": "3110e7269614d1d3c00d4f6dc2f1049a6f0aa2e8",
                "shasum": ""
            },
            "require": {
                "php": ">=5.5.9"
            },
            "type": "library",
            "extra": {
                "branch-alias": {
                    "dev-master": "3.0-dev"
                }
            },
            "autoload": {
                "psr-4": {
                    "Symfony\\Component\\Process\\": ""
                },
                "exclude-from-classmap": [
                    "/Tests/"
                ]
            },
            "notification-url": "https://packagist.org/downloads/",
            "license": [
                "MIT"
            ],
            "authors": [
                {
                    "name": "Fabien Potencier",
                    "email": "fabien@symfony.com"
                },
                {
                    "name": "Symfony Community",
                    "homepage": "https://symfony.com/contributors"
                }
            ],
            "description": "Symfony Process Component",
            "homepage": "https://symfony.com",
            "time": "2015-10-30 23:35:59"
        }
    ],
    "packages-dev": [],
    "aliases": [],
    "minimum-stability": "dev",
    "stability-flags": {
        "craychee/rootcanal": 20
    },
    "prefer-stable": false,
    "prefer-lowest": false,
    "platform": [],
    "platform-dev": []
}
